
Microsoft Visual Studio Solution File, Format Version 12.00
# Visual Studio Version 17
VisualStudioVersion = 17.6.33815.320
MinimumVisualStudioVersion = 10.0.40219.1
Project("{FAE04EC0-301F-11D3-BF4B-00C04F79EFBC}") = "Database2", "Database2\Database2.csproj", "{613CD451-C099-4F1C-AA18-D5A0D71AA42F}"
EndProject
Global
	GlobalSection(SolutionConfigurationPlatforms) = preSolution
		Debug|Any CPU = Debug|Any CPU
		Release|Any CPU = Release|Any CPU
	EndGlobalSection
	GlobalSection(ProjectConfigurationPlatforms) = postSolution
		{613CD451-C099-4F1C-AA18-D5A0D71AA42F}.Debug|Any CPU.ActiveCfg = Debug|Any CPU
		{613CD451-C099-4F1C-AA18-D5A0D71AA42F}.Debug|Any CPU.Build.0 = Debug|Any CPU
		{613CD451-C099-4F1C-AA18-D5A0D71AA42F}.Release|Any CPU.ActiveCfg = Release|Any CPU
		{613CD451-C099-4F1C-AA18-D5A0D71AA42F}.Release|Any CPU.Build.0 = Release|Any CPU
	EndGlobalSection
	GlobalSection(SolutionProperties) = preSolution
		HideSolutionNode = FALSE
	EndGlobalSection
	GlobalSection(ExtensibilityGlobals) = postSolution
		SolutionGuid = {CB1E7072-0B77-4843-B0C9-0626638B06C9}
	EndGlobalSection
EndGlobal
